
Microsoft Visual Studio Solution File, Format Version 12.00
# Visual Studio Version 16
VisualStudioVersion = 16.0.31729.503
MinimumVisualStudioVersion = 10.0.40219.1
Project("{FAE04EC0-301F-11D3-BF4B-00C04F79EFBC}") = "ConsoleApp24", "ConsoleApp24.csproj", "{32B355AB-700C-47C9-89F0-0C8D17C760F3}"
EndProject
Project("{FAE04EC0-301F-11D3-BF4B-00C04F79EFBC}") = "ConsoleApp25", "..\ConsoleApp25\ConsoleApp25.csproj", "{DE75B56D-BE1E-4484-9B65-EBB438F7D7EE}"
EndProject
Global
	GlobalSection(SolutionConfigurationPlatforms) = preSolution
		Debug|Any CPU = Debug|Any CPU
		Release|Any CPU = Release|Any CPU
	EndGlobalSection
	GlobalSection(ProjectConfigurationPlatforms) = postSolution
		{32B355AB-700C-47C9-89F0-0C8D17C760F3}.Debug|Any CPU.ActiveCfg = Debug|Any CPU
		{32B355AB-700C-47C9-89F0-0C8D17C760F3}.Debug|Any CPU.Build.0 = Debug|Any CPU
		{32B355AB-700C-47C9-89F0-0C8D17C760F3}.Release|Any CPU.ActiveCfg = Release|Any CPU
		{32B355AB-700C-47C9-89F0-0C8D17C760F3}.Release|Any CPU.Build.0 = Release|Any CPU
		{DE75B56D-BE1E-4484-9B65-EBB438F7D7EE}.Debug|Any CPU.ActiveCfg = Debug|Any CPU
		{DE75B56D-BE1E-4484-9B65-EBB438F7D7EE}.Debug|Any CPU.Build.0 = Debug|Any CPU
		{DE75B56D-BE1E-4484-9B65-EBB438F7D7EE}.Release|Any CPU.ActiveCfg = Release|Any CPU
		{DE75B56D-BE1E-4484-9B65-EBB438F7D7EE}.Release|Any CPU.Build.0 = Release|Any CPU
	EndGlobalSection
	GlobalSection(SolutionProperties) = preSolution
		HideSolutionNode = FALSE
	EndGlobalSection
	GlobalSection(ExtensibilityGlobals) = postSolution
		SolutionGuid = {90A22DBE-0191-4465-B5F2-41B89CFF94EC}
	EndGlobalSection
EndGlobal
